
Microsoft Visual Studio Solution File, Format Version 12.00
# Visual Studio 15
VisualStudioVersion = 15.0.28307.960
MinimumVisualStudioVersion = 10.0.40219.1
Project("{FAE04EC0-301F-11D3-BF4B-00C04F79EFBC}") = "HashingAndEncrptionLibrary", "HashingAndEncrptionLibrary\HashingAndEncrptionLibrary.csproj", "{EB6865B6-D34C-4C26-9200-8DA8D246A34A}"
EndProject
Project("{FAE04EC0-301F-11D3-BF4B-00C04F79EFBC}") = "HashingInterface", "HashingInterface\HashingInterface.csproj", "{BB31E912-5047-429F-A719-8153BF9C015C}"
EndProject
Global
	GlobalSection(SolutionConfigurationPlatforms) = preSolution
		Debug|Any CPU = Debug|Any CPU
		Release|Any CPU = Release|Any CPU
	EndGlobalSection
	GlobalSection(ProjectConfigurationPlatforms) = postSolution
		{EB6865B6-D34C-4C26-9200-8DA8D246A34A}.Debug|Any CPU.ActiveCfg = Debug|Any CPU
		{EB6865B6-D34C-4C26-9200-8DA8D246A34A}.Debug|Any CPU.Build.0 = Debug|Any CPU
		{EB6865B6-D34C-4C26-9200-8DA8D246A34A}.Release|Any CPU.ActiveCfg = Release|Any CPU
		{EB6865B6-D34C-4C26-9200-8DA8D246A34A}.Release|Any CPU.Build.0 = Release|Any CPU
		{BB31E912-5047-429F-A719-8153BF9C015C}.Debug|Any CPU.ActiveCfg = Debug|Any CPU
		{BB31E912-5047-429F-A719-8153BF9C015C}.Debug|Any CPU.Build.0 = Debug|Any CPU
		{BB31E912-5047-429F-A719-8153BF9C015C}.Release|Any CPU.ActiveCfg = Release|Any CPU
		{BB31E912-5047-429F-A719-8153BF9C015C}.Release|Any CPU.Build.0 = Release|Any CPU
	EndGlobalSection
	GlobalSection(SolutionProperties) = preSolution
		HideSolutionNode = FALSE
	EndGlobalSection
	GlobalSection(ExtensibilityGlobals) = postSolution
		SolutionGuid = {4B9FAF82-DFB3-478E-8815-CE6691283197}
	EndGlobalSection
EndGlobal
